
Microsoft Visual Studio Solution File, Format Version 12.00
# Visual Studio Version 17
VisualStudioVersion = 17.4.32804.182
MinimumVisualStudioVersion = 10.0.40219.1
Project("{FAE04EC0-301F-11D3-BF4B-00C04F79EFBC}") = "ScadaAPI", "ScadaAPI\ScadaAPI.csproj", "{370768F7-6A72-4C82-9600-4D038C973C5A}"
EndProject
Global
	GlobalSection(SolutionConfigurationPlatforms) = preSolution
		Debug|Any CPU = Debug|Any CPU
		Release|Any CPU = Release|Any CPU
	EndGlobalSection
	GlobalSection(ProjectConfigurationPlatforms) = postSolution
		{370768F7-6A72-4C82-9600-4D038C973C5A}.Debug|Any CPU.ActiveCfg = Debug|Any CPU
		{370768F7-6A72-4C82-9600-4D038C973C5A}.Debug|Any CPU.Build.0 = Debug|Any CPU
		{370768F7-6A72-4C82-9600-4D038C973C5A}.Release|Any CPU.ActiveCfg = Release|Any CPU
		{370768F7-6A72-4C82-9600-4D038C973C5A}.Release|Any CPU.Build.0 = Release|Any CPU
	EndGlobalSection
	GlobalSection(SolutionProperties) = preSolution
		HideSolutionNode = FALSE
	EndGlobalSection
	GlobalSection(ExtensibilityGlobals) = postSolution
		SolutionGuid = {0F0AF0E7-8FDC-4043-B480-FF009797FE8D}
	EndGlobalSection
EndGlobal
